{
    "version": 3,
    "terraform_version": "0.11.7",
    "serial": 2,
    "lineage": "a4c10ad0-3d6f-3d95-ae83-c7d1b5c0c3fd",
    "modules": [
        {
            "path": [
                "root"
            ],
            "outputs": {},
            "resources": {},
            "depends_on": []
        },
        {
            "path": [
                "root",
                "ec2_cluster"
            ],
            "outputs": {
                "availability_zone": {
                    "sensitive": false,
                    "type": "list",
                    "value": [
                        "ap-southeast-1a"
                    ]
                },
                "credit_specification": {
                    "sensitive": false,
                    "type": "list",
                    "value": [
                        [
                            {
                                "cpu_credits": "standard"
                            }
                        ]
                    ]
                },
                "id": {
                    "sensitive": false,
                    "type": "list",
                    "value": [
                        "i-0b9eeb832de960e1f"
                    ]
                },
                "key_name": {
                    "sensitive": false,
                    "type": "list",
                    "value": [
                        "play-with-k8s"
                    ]
                },
                "network_interface_id": {
                    "sensitive": false,
                    "type": "list",
                    "value": [
                        "eni-096bd60494499058c"
                    ]
                },
                "primary_network_interface_id": {
                    "sensitive": false,
                    "type": "list",
                    "value": [
                        "eni-096bd60494499058c"
                    ]
                },
                "private_dns": {
                    "sensitive": false,
                    "type": "list",
                    "value": [
                        "ip-10-0-1-64.ap-southeast-1.compute.internal"
                    ]
                },
                "private_ip": {
                    "sensitive": false,
                    "type": "list",
                    "value": [
                        "10.0.1.64"
                    ]
                },
                "public_dns": {
                    "sensitive": false,
                    "type": "list",
                    "value": [
                        "ec2-54-255-233-22.ap-southeast-1.compute.amazonaws.com"
                    ]
                },
                "public_ip": {
                    "sensitive": false,
                    "type": "list",
                    "value": [
                        "54.255.233.22"
                    ]
                },
                "security_groups": {
                    "sensitive": false,
                    "type": "list",
                    "value": []
                },
                "subnet_id": {
                    "sensitive": false,
                    "type": "list",
                    "value": [
                        "subnet-a515b8c2"
                    ]
                },
                "tags": {
                    "sensitive": false,
                    "type": "list",
                    "value": [
                        {
                            "GroupName": "play-with-k8s",
                            "Name": "play-with-k8s"
                        }
                    ]
                },
                "vpc_security_group_ids": {
                    "sensitive": false,
                    "type": "list",
                    "value": [
                        "sg-0d56c70ff4daa6f15"
                    ]
                }
            },
            "resources": {
                "aws_instance.this_t2": {
                    "type": "aws_instance",
                    "depends_on": [
                        "local.is_t2_instance_type"
                    ],
                    "primary": {
                        "id": "i-0b9eeb832de960e1f",
                        "attributes": {
                            "ami": "ami-51a7aa2d",
                            "arn": "arn:aws:ec2:ap-southeast-1:673275124890:instance/i-0b9eeb832de960e1f",
                            "associate_public_ip_address": "true",
                            "availability_zone": "ap-southeast-1a",
                            "cpu_core_count": "2",
                            "cpu_threads_per_core": "1",
                            "credit_specification.#": "1",
                            "credit_specification.0.cpu_credits": "standard",
                            "disable_api_termination": "false",
                            "ebs_block_device.#": "1",
                            "ebs_block_device.2671853018.delete_on_termination": "true",
                            "ebs_block_device.2671853018.device_name": "/dev/sdg",
                            "ebs_block_device.2671853018.encrypted": "false",
                            "ebs_block_device.2671853018.iops": "100",
                            "ebs_block_device.2671853018.snapshot_id": "",
                            "ebs_block_device.2671853018.volume_id": "vol-0fe62568005658520",
                            "ebs_block_device.2671853018.volume_size": "30",
                            "ebs_block_device.2671853018.volume_type": "gp2",
                            "ebs_optimized": "false",
                            "ephemeral_block_device.#": "0",
                            "get_password_data": "false",
                            "iam_instance_profile": "",
                            "id": "i-0b9eeb832de960e1f",
                            "instance_state": "running",
                            "instance_type": "t2.medium",
                            "ipv6_address_count": "0",
                            "ipv6_addresses.#": "0",
                            "key_name": "play-with-k8s",
                            "monitoring": "true",
                            "network_interface.#": "0",
                            "network_interface_id": "eni-096bd60494499058c",
                            "password_data": "",
                            "placement_group": "",
                            "primary_network_interface_id": "eni-096bd60494499058c",
                            "private_dns": "ip-10-0-1-64.ap-southeast-1.compute.internal",
                            "private_ip": "10.0.1.64",
                            "public_dns": "ec2-54-255-233-22.ap-southeast-1.compute.amazonaws.com",
                            "public_ip": "54.255.233.22",
                            "root_block_device.#": "1",
                            "root_block_device.0.delete_on_termination": "true",
                            "root_block_device.0.iops": "100",
                            "root_block_device.0.volume_id": "vol-0c301082524125c5f",
                            "root_block_device.0.volume_size": "8",
                            "root_block_device.0.volume_type": "gp2",
                            "security_groups.#": "0",
                            "source_dest_check": "true",
                            "subnet_id": "subnet-a515b8c2",
                            "tags.%": "2",
                            "tags.GroupName": "play-with-k8s",
                            "tags.Name": "play-with-k8s",
                            "tenancy": "default",
                            "user_data": "da39a3ee5e6b4b0d3255bfef95601890afd80709",
                            "volume_tags.%": "0",
                            "vpc_security_group_ids.#": "1",
                            "vpc_security_group_ids.2152028959": "sg-0d56c70ff4daa6f15"
                        },
                        "meta": {
                            "e2bfb730-ecaa-11e6-8f88-34363bc7c4c0": {
                                "create": 600000000000,
                                "delete": 1200000000000,
                                "update": 600000000000
                            },
                            "schema_version": "1"
                        },
                        "tainted": false
                    },
                    "deposed": [],
                    "provider": "provider.aws"
                }
            },
            "depends_on": []
        }
    ]
}
